// !$*UTF8*$!
{
	archiveVersion = 1;
	classes = {
	};
	objectVersion = 77;
	objects = {

/* Begin PBXBuildFile section */
		ED66EDD22F240FF4007C5146 /* StudySyncW Watch App.app in Embed Watch Content */ = {isa = PBXBuildFile; fileRef = ED66EDC82F240FF4007C5146 /* StudySyncW Watch App.app */; settings = {ATTRIBUTES = (RemoveHeadersOnCopy, ); }; };
		EDE446382F25934300A3DDDD /* TestPlan.xctestplan in Resources */ = {isa = PBXBuildFile; fileRef = EDE446372F25934300A3DDDD /* TestPlan.xctestplan */; };
/* End PBXBuildFile section */

/* Begin PBXContainerItemProxy section */
		0F81C18C2F14F321000CE4D5 /* PBXContainerItemProxy */ = {
			isa = PBXContainerItemProxy;
			containerPortal = C689D8402EF42DD9003DBE2A /* Project object */;
			proxyType = 1;
			remoteGlobalIDString = C689D8472EF42DD9003DBE2A;
			remoteInfo = StudySync;
		};
		0F81C19B2F14F344000CE4D5 /* PBXContainerItemProxy */ = {
			isa = PBXContainerItemProxy;
			containerPortal = C689D8402EF42DD9003DBE2A /* Project object */;
			proxyType = 1;
			remoteGlobalIDString = C689D8472EF42DD9003DBE2A;
			remoteInfo = StudySync;
		};
		ED66EDD02F240FF4007C5146 /* PBXContainerItemProxy */ = {
			isa = PBXContainerItemProxy;
			containerPortal = C689D8402EF42DD9003DBE2A /* Project object */;
			proxyType = 1;
			remoteGlobalIDString = ED66EDC72F240FF4007C5146;
			remoteInfo = "StudySyncW Watch App";
		};
/* End PBXContainerItemProxy section */

/* Begin PBXCopyFilesBuildPhase section */
		ED66EDD32F240FF4007C5146 /* Embed Watch Content */ = {
			isa = PBXCopyFilesBuildPhase;
			buildActionMask = 2147483647;
			dstPath = "$(CONTENTS_FOLDER_PATH)/Watch";
			dstSubfolderSpec = 16;
			files = (
				ED66EDD22F240FF4007C5146 /* StudySyncW Watch App.app in Embed Watch Content */,
			);
			name = "Embed Watch Content";
			runOnlyForDeploymentPostprocessing = 0;
		};
/* End PBXCopyFilesBuildPhase section */

/* Begin PBXFileReference section */
		0F81C1882F14F321000CE4D5 /* StudySyncTests.xctest */ = {isa = PBXFileReference; explicitFileType = wrapper.cfbundle; includeInIndex = 0; path = StudySyncTests.xctest; sourceTree = BUILT_PRODUCTS_DIR; };
		0F81C1952F14F344000CE4D5 /* StudySyncTestsUI.xctest */ = {isa = PBXFileReference; explicitFileType = wrapper.cfbundle; includeInIndex = 0; path = StudySyncTestsUI.xctest; sourceTree = BUILT_PRODUCTS_DIR; };
		C689D8482EF42DD9003DBE2A /* StudySync.app */ = {isa = PBXFileReference; explicitFileType = wrapper.application; includeInIndex = 0; path = StudySync.app; sourceTree = BUILT_PRODUCTS_DIR; };
		ED66EDC82F240FF4007C5146 /* StudySyncW Watch App.app */ = {isa = PBXFileReference; explicitFileType = wrapper.application; includeInIndex = 0; path = "StudySyncW Watch App.app"; sourceTree = BUILT_PRODUCTS_DIR; };
		EDE446372F25934300A3DDDD /* TestPlan.xctestplan */ = {isa = PBXFileReference; lastKnownFileType = text; path = TestPlan.xctestplan; sourceTree = "<group>"; };
/* End PBXFileReference section */

/* Begin PBXFileSystemSynchronizedBuildFileExceptionSet section */
		0F5C7A5D2F20C6AA00ED7AB5 /* Exceptions for "StudySync" folder in "StudySync" target */ = {
			isa = PBXFileSystemSynchronizedBuildFileExceptionSet;
			membershipExceptions = (
				Info.plist,
			);
			target = C689D8472EF42DD9003DBE2A /* StudySync */;
		};
		0F6ADE1C2F1A393F006EBFAE /* Exceptions for "StudySync" folder in "StudySyncTests" target */ = {
			isa = PBXFileSystemSynchronizedBuildFileExceptionSet;
			membershipExceptions = (
				Serivices/MockData/MockDataSevice.swift,
			);
			target = 0F81C1872F14F321000CE4D5 /* StudySyncTests */;
		};
		0F81C1BE2F14FBEF000CE4D5 /* Exceptions for "StudySync" folder in "StudySyncTestsUI" target */ = {
			isa = PBXFileSystemSynchronizedBuildFileExceptionSet;
			membershipExceptions = (
				Model/StudyCard.swift,
				Model/StudyGroup.swift,
				Model/StudyPackage.swift,
				Model/StudySession.swift,
			);
			target = 0F81C1942F14F344000CE4D5 /* StudySyncTestsUI */;
		};
		ED66EEA52F2412AB007C5146 /* Exceptions for "StudySync" folder in "StudySyncW Watch App" target */ = {
			isa = PBXFileSystemSynchronizedBuildFileExceptionSet;
			membershipExceptions = (
				Model/SharedDTOs.swift,
				Model/StudyCard.swift,
				Model/StudyGroup.swift,
				Model/StudyPackage.swift,
				Model/StudySession.swift,
				Serivices/Connector/WatchConnector.swift,
			);
			target = ED66EDC72F240FF4007C5146 /* StudySyncW Watch App */;
		};
/* End PBXFileSystemSynchronizedBuildFileExceptionSet section */

/* Begin PBXFileSystemSynchronizedRootGroup section */
		0F81C1892F14F321000CE4D5 /* StudySyncTests */ = {
			isa = PBXFileSystemSynchronizedRootGroup;
			path = StudySyncTests;
			sourceTree = "<group>";
		};
		0F81C1962F14F344000CE4D5 /* StudySyncTestsUI */ = {
			isa = PBXFileSystemSynchronizedRootGroup;
			path = StudySyncTestsUI;
			sourceTree = "<group>";
		};
		C689D8AC2EF42F95003DBE2A /* StudySync */ = {
			isa = PBXFileSystemSynchronizedRootGroup;
			exceptions = (
				0F5C7A5D2F20C6AA00ED7AB5 /* Exceptions for "StudySync" folder in "StudySync" target */,
				0F6ADE1C2F1A393F006EBFAE /* Exceptions for "StudySync" folder in "StudySyncTests" target */,
				0F81C1BE2F14FBEF000CE4D5 /* Exceptions for "StudySync" folder in "StudySyncTestsUI" target */,
				ED66EEA52F2412AB007C5146 /* Exceptions for "StudySync" folder in "StudySyncW Watch App" target */,
			);
			path = StudySync;
			sourceTree = "<group>";
		};
		ED66EDC92F240FF4007C5146 /* StudySyncW Watch App */ = {
			isa = PBXFileSystemSynchronizedRootGroup;
			path = "StudySyncW Watch App";
			sourceTree = "<group>";
		};
/* End PBXFileSystemSynchronizedRootGroup section */

/* Begin PBXFrameworksBuildPhase section */
		0F81C1852F14F321000CE4D5 /* Frameworks */ = {
			isa = PBXFrameworksBuildPhase;
			buildActionMask = 2147483647;
			files = (
			);
			runOnlyForDeploymentPostprocessing = 0;
		};
		0F81C1922F14F344000CE4D5 /* Frameworks */ = {
			isa = PBXFrameworksBuildPhase;
			buildActionMask = 2147483647;
			files = (
			);
			runOnlyForDeploymentPostprocessing = 0;
		};
		C689D8452EF42DD9003DBE2A /* Frameworks */ = {
			isa = PBXFrameworksBuildPhase;
			buildActionMask = 2147483647;
			files = (
			);
			runOnlyForDeploymentPostprocessing = 0;
		};
		ED66EDC52F240FF4007C5146 /* Frameworks */ = {
			isa = PBXFrameworksBuildPhase;
			buildActionMask = 2147483647;
			files = (
			);
			runOnlyForDeploymentPostprocessing = 0;
		};
/* End PBXFrameworksBuildPhase section */

/* Begin PBXGroup section */
		0F43131D2F1A5E5A00179B72 /* Frameworks */ = {
			isa = PBXGroup;
			children = (
			);
			name = Frameworks;
			sourceTree = "<group>";
		};
		C689D83F2EF42DD9003DBE2A = {
			isa = PBXGroup;
			children = (
				EDE446372F25934300A3DDDD /* TestPlan.xctestplan */,
				C689D8AC2EF42F95003DBE2A /* StudySync */,
				0F81C1892F14F321000CE4D5 /* StudySyncTests */,
				0F81C1962F14F344000CE4D5 /* StudySyncTestsUI */,
				ED66EDC92F240FF4007C5146 /* StudySyncW Watch App */,
				0F43131D2F1A5E5A00179B72 /* Frameworks */,
				C689D8492EF42DD9003DBE2A /* Products */,
			);
			sourceTree = "<group>";
		};
		C689D8492EF42DD9003DBE2A /* Products */ = {
			isa = PBXGroup;
			children = (
				C689D8482EF42DD9003DBE2A /* StudySync.app */,
				0F81C1882F14F321000CE4D5 /* StudySyncTests.xctest */,
				0F81C1952F14F344000CE4D5 /* StudySyncTestsUI.xctest */,
				ED66EDC82F240FF4007C5146 /* StudySyncW Watch App.app */,
			);
			name = Products;
			sourceTree = "<group>";
		};
/* End PBXGroup section */

/* Begin PBXNativeTarget section */
		0F81C1872F14F321000CE4D5 /* StudySyncTests */ = {
			isa = PBXNativeTarget;
			buildConfigurationList = 0F81C18E2F14F321000CE4D5 /* Build configuration list for PBXNativeTarget "StudySyncTests" */;
			buildPhases = (
				0F81C1842F14F321000CE4D5 /* Sources */,
				0F81C1852F14F321000CE4D5 /* Frameworks */,
				0F81C1862F14F321000CE4D5 /* Resources */,
			);
			buildRules = (
			);
			dependencies = (
				0F81C18D2F14F321000CE4D5 /* PBXTargetDependency */,
			);
			fileSystemSynchronizedGroups = (
				0F81C1892F14F321000CE4D5 /* StudySyncTests */,
			);
			name = StudySyncTests;
			packageProductDependencies = (
			);
			productName = StudySyncTests;
			productReference = 0F81C1882F14F321000CE4D5 /* StudySyncTests.xctest */;
			productType = "com.apple.product-type.bundle.unit-test";
		};
		0F81C1942F14F344000CE4D5 /* StudySyncTestsUI */ = {
			isa = PBXNativeTarget;
			buildConfigurationList = 0F81C19D2F14F344000CE4D5 /* Build configuration list for PBXNativeTarget "StudySyncTestsUI" */;
			buildPhases = (
				0F81C1912F14F344000CE4D5 /* Sources */,
				0F81C1922F14F344000CE4D5 /* Frameworks */,
				0F81C1932F14F344000CE4D5 /* Resources */,
			);
			buildRules = (
			);
			dependencies = (
				0F81C19C2F14F344000CE4D5 /* PBXTargetDependency */,
			);
			fileSystemSynchronizedGroups = (
				0F81C1962F14F344000CE4D5 /* StudySyncTestsUI */,
			);
			name = StudySyncTestsUI;
			packageProductDependencies = (
			);
			productName = StudySyncTestsUI;
			productReference = 0F81C1952F14F344000CE4D5 /* StudySyncTestsUI.xctest */;
			productType = "com.apple.product-type.bundle.ui-testing";
		};
		C689D8472EF42DD9003DBE2A /* StudySync */ = {
			isa = PBXNativeTarget;
			buildConfigurationList = C689D8552EF42DDB003DBE2A /* Build configuration list for PBXNativeTarget "StudySync" */;
			buildPhases = (
				C689D8442EF42DD9003DBE2A /* Sources */,
				C689D8452EF42DD9003DBE2A /* Frameworks */,
				C689D8462EF42DD9003DBE2A /* Resources */,
				ED66EDD32F240FF4007C5146 /* Embed Watch Content */,
			);
			buildRules = (
			);
			dependencies = (
				ED66EDD12F240FF4007C5146 /* PBXTargetDependency */,
			);
			fileSystemSynchronizedGroups = (
				C689D8AC2EF42F95003DBE2A /* StudySync */,
			);
			name = StudySync;
			packageProductDependencies = (
			);
			productName = StudySync;
			productReference = C689D8482EF42DD9003DBE2A /* StudySync.app */;
			productType = "com.apple.product-type.application";
		};
		ED66EDC72F240FF4007C5146 /* StudySyncW Watch App */ = {
			isa = PBXNativeTarget;
			buildConfigurationList = ED66EDD62F240FF4007C5146 /* Build configuration list for PBXNativeTarget "StudySyncW Watch App" */;
			buildPhases = (
				ED66EDC42F240FF4007C5146 /* Sources */,
				ED66EDC52F240FF4007C5146 /* Frameworks */,
				ED66EDC62F240FF4007C5146 /* Resources */,
			);
			buildRules = (
			);
			dependencies = (
			);
			fileSystemSynchronizedGroups = (
				ED66EDC92F240FF4007C5146 /* StudySyncW Watch App */,
			);
			name = "StudySyncW Watch App";
			packageProductDependencies = (
			);
			productName = "StudySyncW Watch App";
			productReference = ED66EDC82F240FF4007C5146 /* StudySyncW Watch App.app */;
			productType = "com.apple.product-type.application";
		};
/* End PBXNativeTarget section */

/* Begin PBXProject section */
		C689D8402EF42DD9003DBE2A /* Project object */ = {
			isa = PBXProject;
			attributes = {
				BuildIndependentTargetsInParallel = 1;
				LastSwiftUpdateCheck = 2620;
				LastUpgradeCheck = 2620;
				TargetAttributes = {
					0F81C1872F14F321000CE4D5 = {
						CreatedOnToolsVersion = 26.2;
						TestTargetID = C689D8472EF42DD9003DBE2A;
					};
					0F81C1942F14F344000CE4D5 = {
						CreatedOnToolsVersion = 26.2;
						TestTargetID = C689D8472EF42DD9003DBE2A;
					};
					C689D8472EF42DD9003DBE2A = {
						CreatedOnToolsVersion = 26.2;
					};
					ED66EDC72F240FF4007C5146 = {
						CreatedOnToolsVersion = 26.2;
					};
				};
			};
			buildConfigurationList = C689D8432EF42DD9003DBE2A /* Build configuration list for PBXProject "StudySync" */;
			developmentRegion = en;
			hasScannedForEncodings = 0;
			knownRegions = (
				en,
				Base,
				cs,
			);
			mainGroup = C689D83F2EF42DD9003DBE2A;
			minimizedProjectReferenceProxies = 1;
			preferredProjectObjectVersion = 77;
			productRefGroup = C689D8492EF42DD9003DBE2A /* Products */;
			projectDirPath = "";
			projectRoot = "";
			targets = (
				C689D8472EF42DD9003DBE2A /* StudySync */,
				0F81C1872F14F321000CE4D5 /* StudySyncTests */,
				0F81C1942F14F344000CE4D5 /* StudySyncTestsUI */,
				ED66EDC72F240FF4007C5146 /* StudySyncW Watch App */,
			);
		};
/* End PBXProject section */

/* Begin PBXResourcesBuildPhase section */
		0F81C1862F14F321000CE4D5 /* Resources */ = {
			isa = PBXResourcesBuildPhase;
			buildActionMask = 2147483647;
			files = (
			);
			runOnlyForDeploymentPostprocessing = 0;
		};
		0F81C1932F14F344000CE4D5 /* Resources */ = {
			isa = PBXResourcesBuildPhase;
			buildActionMask = 2147483647;
			files = (
			);
			runOnlyForDeploymentPostprocessing = 0;
		};
		C689D8462EF42DD9003DBE2A /* Resources */ = {
			isa = PBXResourcesBuildPhase;
			buildActionMask = 2147483647;
			files = (
				EDE446382F25934300A3DDDD /* TestPlan.xctestplan in Resources */,
			);
			runOnlyForDeploymentPostprocessing = 0;
		};
		ED66EDC62F240FF4007C5146 /* Resources */ = {
			isa = PBXResourcesBuildPhase;
			buildActionMask = 2147483647;
			files = (
			);
			runOnlyForDeploymentPostprocessing = 0;
		};
/* End PBXResourcesBuildPhase section */

/* Begin PBXSourcesBuildPhase section */
		0F81C1842F14F321000CE4D5 /* Sources */ = {
			isa = PBXSourcesBuildPhase;
			buildActionMask = 2147483647;
			files = (
			);
			runOnlyForDeploymentPostprocessing = 0;
		};
		0F81C1912F14F344000CE4D5 /* Sources */ = {
			isa = PBXSourcesBuildPhase;
			buildActionMask = 2147483647;
			files = (
			);
			runOnlyForDeploymentPostprocessing = 0;
		};
		C689D8442EF42DD9003DBE2A /* Sources */ = {
			isa = PBXSourcesBuildPhase;
			buildActionMask = 2147483647;
			files = (
			);
			runOnlyForDeploymentPostprocessing = 0;
		};
		ED66EDC42F240FF4007C5146 /* Sources */ = {
			isa = PBXSourcesBuildPhase;
			buildActionMask = 2147483647;
			files = (
			);
			runOnlyForDeploymentPostprocessing = 0;
		};
/* End PBXSourcesBuildPhase section */

/* Begin PBXTargetDependency section */
		0F81C18D2F14F321000CE4D5 /* PBXTargetDependency */ = {
			isa = PBXTargetDependency;
			target = C689D8472EF42DD9003DBE2A /* StudySync */;
			targetProxy = 0F81C18C2F14F321000CE4D5 /* PBXContainerItemProxy */;
		};
		0F81C19C2F14F344000CE4D5 /* PBXTargetDependency */ = {
			isa = PBXTargetDependency;
			target = C689D8472EF42DD9003DBE2A /* StudySync */;
			targetProxy = 0F81C19B2F14F344000CE4D5 /* PBXContainerItemProxy */;
		};
		ED66EDD12F240FF4007C5146 /* PBXTargetDependency */ = {
			isa = PBXTargetDependency;
			target = ED66EDC72F240FF4007C5146 /* StudySyncW Watch App */;
			targetProxy = ED66EDD02F240FF4007C5146 /* PBXContainerItemProxy */;
		};
/* End PBXTargetDependency section */

/* Begin XCBuildConfiguration section */
		0F81C18F2F14F321000CE4D5 /* Debug */ = {
			isa = XCBuildConfiguration;
			buildSettings = {
				BUNDLE_LOADER = "$(TEST_HOST)";
				CODE_SIGN_STYLE = Automatic;
				CURRENT_PROJECT_VERSION = 1;
				GENERATE_INFOPLIST_FILE = YES;
				MARKETING_VERSION = 1.0;
				PRODUCT_BUNDLE_IDENTIFIER = cz.medelu.StudySyncTests;
				PRODUCT_NAME = "$(TARGET_NAME)";
				STRING_CATALOG_GENERATE_SYMBOLS = NO;
				SWIFT_APPROACHABLE_CONCURRENCY = YES;
				SWIFT_EMIT_LOC_STRINGS = NO;
				SWIFT_UPCOMING_FEATURE_MEMBER_IMPORT_VISIBILITY = YES;
				SWIFT_VERSION = 5.0;
				TARGETED_DEVICE_FAMILY = "1,2";
				TEST_HOST = "$(BUILT_PRODUCTS_DIR)/StudySync.app/$(BUNDLE_EXECUTABLE_FOLDER_PATH)/StudySync";
			};
			name = Debug;
		};
		0F81C1902F14F321000CE4D5 /* Release */ = {
			isa = XCBuildConfiguration;
			buildSettings = {
				BUNDLE_LOADER = "$(TEST_HOST)";
				CODE_SIGN_STYLE = Automatic;
				CURRENT_PROJECT_VERSION = 1;
				GENERATE_INFOPLIST_FILE = YES;
				MARKETING_VERSION = 1.0;
				PRODUCT_BUNDLE_IDENTIFIER = cz.medelu.StudySyncTests;
				PRODUCT_NAME = "$(TARGET_NAME)";
				STRING_CATALOG_GENERATE_SYMBOLS = NO;
				SWIFT_APPROACHABLE_CONCURRENCY = YES;
				SWIFT_EMIT_LOC_STRINGS = NO;
				SWIFT_UPCOMING_FEATURE_MEMBER_IMPORT_VISIBILITY = YES;
				SWIFT_VERSION = 5.0;
				TARGETED_DEVICE_FAMILY = "1,2";
				TEST_HOST = "$(BUILT_PRODUCTS_DIR)/StudySync.app/$(BUNDLE_EXECUTABLE_FOLDER_PATH)/StudySync";
			};
			name = Release;
		};
		0F81C19E2F14F344000CE4D5 /* Debug */ = {
			isa = XCBuildConfiguration;
			buildSettings = {
				CODE_SIGN_STYLE = Automatic;
				CURRENT_PROJECT_VERSION = 1;
				GENERATE_INFOPLIST_FILE = YES;
				MARKETING_VERSION = 1.0;
				PRODUCT_BUNDLE_IDENTIFIER = cz.medelu.StudySyncTestsUI;
				PRODUCT_NAME = "$(TARGET_NAME)";
				STRING_CATALOG_GENERATE_SYMBOLS = NO;
				SWIFT_APPROACHABLE_CONCURRENCY = YES;
				SWIFT_EMIT_LOC_STRINGS = NO;
				SWIFT_UPCOMING_FEATURE_MEMBER_IMPORT_VISIBILITY = YES;
				SWIFT_VERSION = 5.0;
				TARGETED_DEVICE_FAMILY = "1,2";
				TEST_TARGET_NAME = StudySync;
			};
			name = Debug;
		};
		0F81C19F2F14F344000CE4D5 /* Release */ = {
			isa = XCBuildConfiguration;
			buildSettings = {
				CODE_SIGN_STYLE = Automatic;
				CURRENT_PROJECT_VERSION = 1;
				GENERATE_INFOPLIST_FILE = YES;
				MARKETING_VERSION = 1.0;
				PRODUCT_BUNDLE_IDENTIFIER = cz.medelu.StudySyncTestsUI;
				PRODUCT_NAME = "$(TARGET_NAME)";
				STRING_CATALOG_GENERATE_SYMBOLS = NO;
				SWIFT_APPROACHABLE_CONCURRENCY = YES;
				SWIFT_EMIT_LOC_STRINGS = NO;
				SWIFT_UPCOMING_FEATURE_MEMBER_IMPORT_VISIBILITY = YES;
				SWIFT_VERSION = 5.0;
				TARGETED_DEVICE_FAMILY = "1,2";
				TEST_TARGET_NAME = StudySync;
			};
			name = Release;
		};
		C689D8532EF42DDB003DBE2A /* Debug */ = {
			isa = XCBuildConfiguration;
			buildSettings = {
				ALWAYS_SEARCH_USER_PATHS = NO;
				ASSETCATALOG_COMPILER_GENERATE_SWIFT_ASSET_SYMBOL_EXTENSIONS = YES;
				CLANG_ANALYZER_NONNULL = YES;
				CLANG_ANALYZER_NUMBER_OBJECT_CONVERSION = YES_AGGRESSIVE;
				CLANG_CXX_LANGUAGE_STANDARD = "gnu++20";
				CLANG_ENABLE_MODULES = YES;
				CLANG_ENABLE_OBJC_ARC = YES;
				CLANG_ENABLE_OBJC_WEAK = YES;
				CLANG_WARN_BLOCK_CAPTURE_AUTORELEASING = YES;
				CLANG_WARN_BOOL_CONVERSION = YES;
				CLANG_WARN_COMMA = YES;
				CLANG_WARN_CONSTANT_CONVERSION = YES;
				CLANG_WARN_DEPRECATED_OBJC_IMPLEMENTATIONS = YES;
				CLANG_WARN_DIRECT_OBJC_ISA_USAGE = YES_ERROR;
				CLANG_WARN_DOCUMENTATION_COMMENTS = YES;
				CLANG_WARN_EMPTY_BODY = YES;
				CLANG_WARN_ENUM_CONVERSION = YES;
				CLANG_WARN_INFINITE_RECURSION = YES;
				CLANG_WARN_INT_CONVERSION = YES;
				CLANG_WARN_NON_LITERAL_NULL_CONVERSION = YES;
				CLANG_WARN_OBJC_IMPLICIT_RETAIN_SELF = YES;
				CLANG_WARN_OBJC_LITERAL_CONVERSION = YES;
				CLANG_WARN_OBJC_ROOT_CLASS = YES_ERROR;
				CLANG_WARN_QUOTED_INCLUDE_IN_FRAMEWORK_HEADER = YES;
				CLANG_WARN_RANGE_LOOP_ANALYSIS = YES;
				CLANG_WARN_STRICT_PROTOTYPES = YES;
				CLANG_WARN_SUSPICIOUS_MOVE = YES;
				CLANG_WARN_UNGUARDED_AVAILABILITY = YES_AGGRESSIVE;
				CLANG_WARN_UNREACHABLE_CODE = YES;
				CLANG_WARN__DUPLICATE_METHOD_MATCH = YES;
				COPY_PHASE_STRIP = NO;
				DEBUG_INFORMATION_FORMAT = dwarf;
				ENABLE_STRICT_OBJC_MSGSEND = YES;
				ENABLE_TESTABILITY = YES;
				ENABLE_USER_SCRIPT_SANDBOXING = YES;
				GCC_C_LANGUAGE_STANDARD = gnu17;
				GCC_DYNAMIC_NO_PIC = NO;
				GCC_NO_COMMON_BLOCKS = YES;
				GCC_OPTIMIZATION_LEVEL = 0;
				GCC_PREPROCESSOR_DEFINITIONS = (
					"DEBUG=1",
					"$(inherited)",
				);
				GCC_WARN_64_TO_32_BIT_CONVERSION = YES;
				GCC_WARN_ABOUT_RETURN_TYPE = YES_ERROR;
				GCC_WARN_UNDECLARED_SELECTOR = YES;
				GCC_WARN_UNINITIALIZED_AUTOS = YES_AGGRESSIVE;
				GCC_WARN_UNUSED_FUNCTION = YES;
				GCC_WARN_UNUSED_VARIABLE = YES;
				IPHONEOS_DEPLOYMENT_TARGET = 26.2;
				LOCALIZATION_PREFERS_STRING_CATALOGS = YES;
				MTL_ENABLE_DEBUG_INFO = INCLUDE_SOURCE;
				MTL_FAST_MATH = YES;
				ONLY_ACTIVE_ARCH = YES;
				SDKROOT = iphoneos;
				SWIFT_ACTIVE_COMPILATION_CONDITIONS = "DEBUG $(inherited)";
				SWIFT_EMIT_LOC_STRINGS = YES;
				SWIFT_OPTIMIZATION_LEVEL = "-Onone";
			};
			name = Debug;
		};
		C689D8542EF42DDB003DBE2A /* Release */ = {
			isa = XCBuildConfiguration;
			buildSettings = {
				ALWAYS_SEARCH_USER_PATHS = NO;
				ASSETCATALOG_COMPILER_GENERATE_SWIFT_ASSET_SYMBOL_EXTENSIONS = YES;
				CLANG_ANALYZER_NONNULL = YES;
				CLANG_ANALYZER_NUMBER_OBJECT_CONVERSION = YES_AGGRESSIVE;
				CLANG_CXX_LANGUAGE_STANDARD = "gnu++20";
				CLANG_ENABLE_MODULES = YES;
				CLANG_ENABLE_OBJC_ARC = YES;
				CLANG_ENABLE_OBJC_WEAK = YES;
				CLANG_WARN_BLOCK_CAPTURE_AUTORELEASING = YES;
				CLANG_WARN_BOOL_CONVERSION = YES;
				CLANG_WARN_COMMA = YES;
				CLANG_WARN_CONSTANT_CONVERSION = YES;
				CLANG_WARN_DEPRECATED_OBJC_IMPLEMENTATIONS = YES;
				CLANG_WARN_DIRECT_OBJC_ISA_USAGE = YES_ERROR;
				CLANG_WARN_DOCUMENTATION_COMMENTS = YES;
				CLANG_WARN_EMPTY_BODY = YES;
				CLANG_WARN_ENUM_CONVERSION = YES;
				CLANG_WARN_INFINITE_RECURSION = YES;
				CLANG_WARN_INT_CONVERSION = YES;
				CLANG_WARN_NON_LITERAL_NULL_CONVERSION = YES;
				CLANG_WARN_OBJC_IMPLICIT_RETAIN_SELF = YES;
				CLANG_WARN_OBJC_LITERAL_CONVERSION = YES;
				CLANG_WARN_OBJC_ROOT_CLASS = YES_ERROR;
				CLANG_WARN_QUOTED_INCLUDE_IN_FRAMEWORK_HEADER = YES;
				CLANG_WARN_RANGE_LOOP_ANALYSIS = YES;
				CLANG_WARN_STRICT_PROTOTYPES = YES;
				CLANG_WARN_SUSPICIOUS_MOVE = YES;
				CLANG_WARN_UNGUARDED_AVAILABILITY = YES_AGGRESSIVE;
				CLANG_WARN_UNREACHABLE_CODE = YES;
				CLANG_WARN__DUPLICATE_METHOD_MATCH = YES;
				COPY_PHASE_STRIP = NO;
				DEBUG_INFORMATION_FORMAT = "dwarf-with-dsym";
				ENABLE_NS_ASSERTIONS = NO;
				ENABLE_STRICT_OBJC_MSGSEND = YES;
				ENABLE_USER_SCRIPT_SANDBOXING = YES;
				GCC_C_LANGUAGE_STANDARD = gnu17;
				GCC_NO_COMMON_BLOCKS = YES;
				GCC_WARN_64_TO_32_BIT_CONVERSION = YES;
				GCC_WARN_ABOUT_RETURN_TYPE = YES_ERROR;
				GCC_WARN_UNDECLARED_SELECTOR = YES;
				GCC_WARN_UNINITIALIZED_AUTOS = YES_AGGRESSIVE;
				GCC_WARN_UNUSED_FUNCTION = YES;
				GCC_WARN_UNUSED_VARIABLE = YES;
				IPHONEOS_DEPLOYMENT_TARGET = 26.2;
				LOCALIZATION_PREFERS_STRING_CATALOGS = YES;
				MTL_ENABLE_DEBUG_INFO = NO;
				MTL_FAST_MATH = YES;
				SDKROOT = iphoneos;
				SWIFT_COMPILATION_MODE = wholemodule;
				SWIFT_EMIT_LOC_STRINGS = YES;
				VALIDATE_PRODUCT = YES;
			};
			name = Release;
		};
		C689D8562EF42DDB003DBE2A /* Debug */ = {
			isa = XCBuildConfiguration;
			baseConfigurationReferenceAnchor = C689D8AC2EF42F95003DBE2A /* StudySync */;
			baseConfigurationReferenceRelativePath = Serivices/Api/ApiKeys.xcconfig;
			buildSettings = {
				ASSETCATALOG_COMPILER_APPICON_NAME = AppIcon;
				ASSETCATALOG_COMPILER_GLOBAL_ACCENT_COLOR_NAME = AccentColor;
				CODE_SIGN_STYLE = Automatic;
				CURRENT_PROJECT_VERSION = 1;
				DEVELOPMENT_TEAM = 2G6H4MYRLR;
				ENABLE_PREVIEWS = YES;
				GENERATE_INFOPLIST_FILE = YES;
				INFOPLIST_FILE = StudySync/Info.plist;
				INFOPLIST_KEY_UIApplicationSceneManifest_Generation = YES;
				INFOPLIST_KEY_UIApplicationSupportsIndirectInputEvents = YES;
				INFOPLIST_KEY_UILaunchScreen_Generation = YES;
				INFOPLIST_KEY_UISupportedInterfaceOrientations_iPad = "UIInterfaceOrientationPortrait UIInterfaceOrientationPortraitUpsideDown UIInterfaceOrientationLandscapeLeft UIInterfaceOrientationLandscapeRight";
				INFOPLIST_KEY_UISupportedInterfaceOrientations_iPhone = "UIInterfaceOrientationPortrait UIInterfaceOrientationLandscapeLeft UIInterfaceOrientationLandscapeRight";
				LD_RUNPATH_SEARCH_PATHS = (
					"$(inherited)",
					"@executable_path/Frameworks",
				);
				MARKETING_VERSION = 1.0;
				PRODUCT_BUNDLE_IDENTIFIER = com.mendelu;
				PRODUCT_NAME = "$(TARGET_NAME)";
				STRING_CATALOG_GENERATE_SYMBOLS = YES;
				SWIFT_APPROACHABLE_CONCURRENCY = YES;
				SWIFT_DEFAULT_ACTOR_ISOLATION = MainActor;
				SWIFT_EMIT_LOC_STRINGS = YES;
				SWIFT_UPCOMING_FEATURE_MEMBER_IMPORT_VISIBILITY = YES;
				SWIFT_VERSION = 5.0;
				TARGETED_DEVICE_FAMILY = "1,2";
			};
			name = Debug;
		};
		C689D8572EF42DDB003DBE2A /* Release */ = {
			isa = XCBuildConfiguration;
			baseConfigurationReferenceAnchor = C689D8AC2EF42F95003DBE2A /* StudySync */;
			baseConfigurationReferenceRelativePath = Serivices/Api/ApiKeys.xcconfig;
			buildSettings = {
				ASSETCATALOG_COMPILER_APPICON_NAME = AppIcon;
				ASSETCATALOG_COMPILER_GLOBAL_ACCENT_COLOR_NAME = AccentColor;
				CODE_SIGN_STYLE = Automatic;
				CURRENT_PROJECT_VERSION = 1;
				DEVELOPMENT_TEAM = 2G6H4MYRLR;
				ENABLE_PREVIEWS = YES;
				GENERATE_INFOPLIST_FILE = YES;
				INFOPLIST_FILE = StudySync/Info.plist;
				INFOPLIST_KEY_UIApplicationSceneManifest_Generation = YES;
				INFOPLIST_KEY_UIApplicationSupportsIndirectInputEvents = YES;
				INFOPLIST_KEY_UILaunchScreen_Generation = YES;
				INFOPLIST_KEY_UISupportedInterfaceOrientations_iPad = "UIInterfaceOrientationPortrait UIInterfaceOrientationPortraitUpsideDown UIInterfaceOrientationLandscapeLeft UIInterfaceOrientationLandscapeRight";
				INFOPLIST_KEY_UISupportedInterfaceOrientations_iPhone = "UIInterfaceOrientationPortrait UIInterfaceOrientationLandscapeLeft UIInterfaceOrientationLandscapeRight";
				LD_RUNPATH_SEARCH_PATHS = (
					"$(inherited)",
					"@executable_path/Frameworks",
				);
				MARKETING_VERSION = 1.0;
				PRODUCT_BUNDLE_IDENTIFIER = com.mendelu;
				PRODUCT_NAME = "$(TARGET_NAME)";
				STRING_CATALOG_GENERATE_SYMBOLS = YES;
				SWIFT_APPROACHABLE_CONCURRENCY = YES;
				SWIFT_DEFAULT_ACTOR_ISOLATION = MainActor;
				SWIFT_EMIT_LOC_STRINGS = YES;
				SWIFT_UPCOMING_FEATURE_MEMBER_IMPORT_VISIBILITY = YES;
				SWIFT_VERSION = 5.0;
				TARGETED_DEVICE_FAMILY = "1,2";
			};
			name = Release;
		};
		ED66EDD42F240FF4007C5146 /* Debug */ = {
			isa = XCBuildConfiguration;
			buildSettings = {
				ASSETCATALOG_COMPILER_APPICON_NAME = AppIcon;
				ASSETCATALOG_COMPILER_GLOBAL_ACCENT_COLOR_NAME = AccentColor;
				CODE_SIGN_STYLE = Automatic;
				CURRENT_PROJECT_VERSION = 1;
				DEVELOPMENT_TEAM = 2G6H4MYRLR;
				ENABLE_PREVIEWS = YES;
				GENERATE_INFOPLIST_FILE = YES;
				INFOPLIST_KEY_CFBundleDisplayName = StudySyncW;
				INFOPLIST_KEY_UISupportedInterfaceOrientations = "UIInterfaceOrientationPortrait UIInterfaceOrientationPortraitUpsideDown";
				INFOPLIST_KEY_WKCompanionAppBundleIdentifier = com.mendelu;
				LD_RUNPATH_SEARCH_PATHS = (
					"$(inherited)",
					"@executable_path/Frameworks",
				);
				MARKETING_VERSION = 1.0;
				PRODUCT_BUNDLE_IDENTIFIER = com.mendelu.watchkitapp;
				PRODUCT_NAME = "$(TARGET_NAME)";
				SDKROOT = watchos;
				SKIP_INSTALL = YES;
				STRING_CATALOG_GENERATE_SYMBOLS = YES;
				SWIFT_APPROACHABLE_CONCURRENCY = YES;
				SWIFT_DEFAULT_ACTOR_ISOLATION = MainActor;
				SWIFT_EMIT_LOC_STRINGS = YES;
				SWIFT_UPCOMING_FEATURE_MEMBER_IMPORT_VISIBILITY = YES;
				SWIFT_VERSION = 5.0;
				TARGETED_DEVICE_FAMILY = 4;
				WATCHOS_DEPLOYMENT_TARGET = 26.2;
			};
			name = Debug;
		};
		ED66EDD52F240FF4007C5146 /* Release */ = {
			isa = XCBuildConfiguration;
			buildSettings = {
				ASSETCATALOG_COMPILER_APPICON_NAME = AppIcon;
				ASSETCATALOG_COMPILER_GLOBAL_ACCENT_COLOR_NAME = AccentColor;
				CODE_SIGN_STYLE = Automatic;
				CURRENT_PROJECT_VERSION = 1;
				DEVELOPMENT_TEAM = 2G6H4MYRLR;
				ENABLE_PREVIEWS = YES;
				GENERATE_INFOPLIST_FILE = YES;
				INFOPLIST_KEY_CFBundleDisplayName = StudySyncW;
				INFOPLIST_KEY_UISupportedInterfaceOrientations = "UIInterfaceOrientationPortrait UIInterfaceOrientationPortraitUpsideDown";
				INFOPLIST_KEY_WKCompanionAppBundleIdentifier = com.mendelu;
				LD_RUNPATH_SEARCH_PATHS = (
					"$(inherited)",
					"@executable_path/Frameworks",
				);
				MARKETING_VERSION = 1.0;
				PRODUCT_BUNDLE_IDENTIFIER = com.mendelu.watchkitapp;
				PRODUCT_NAME = "$(TARGET_NAME)";
				SDKROOT = watchos;
				SKIP_INSTALL = YES;
				STRING_CATALOG_GENERATE_SYMBOLS = YES;
				SWIFT_APPROACHABLE_CONCURRENCY = YES;
				SWIFT_DEFAULT_ACTOR_ISOLATION = MainActor;
				SWIFT_EMIT_LOC_STRINGS = YES;
				SWIFT_UPCOMING_FEATURE_MEMBER_IMPORT_VISIBILITY = YES;
				SWIFT_VERSION = 5.0;
				TARGETED_DEVICE_FAMILY = 4;
				WATCHOS_DEPLOYMENT_TARGET = 26.2;
			};
			name = Release;
		};
/* End XCBuildConfiguration section */

/* Begin XCConfigurationList section */
		0F81C18E2F14F321000CE4D5 /* Build configuration list for PBXNativeTarget "StudySyncTests" */ = {
			isa = XCConfigurationList;
			buildConfigurations = (
				0F81C18F2F14F321000CE4D5 /* Debug */,
				0F81C1902F14F321000CE4D5 /* Release */,
			);
			defaultConfigurationIsVisible = 0;
			defaultConfigurationName = Release;
		};
		0F81C19D2F14F344000CE4D5 /* Build configuration list for PBXNativeTarget "StudySyncTestsUI" */ = {
			isa = XCConfigurationList;
			buildConfigurations = (
				0F81C19E2F14F344000CE4D5 /* Debug */,
				0F81C19F2F14F344000CE4D5 /* Release */,
			);
			defaultConfigurationIsVisible = 0;
			defaultConfigurationName = Release;
		};
		C689D8432EF42DD9003DBE2A /* Build configuration list for PBXProject "StudySync" */ = {
			isa = XCConfigurationList;
			buildConfigurations = (
				C689D8532EF42DDB003DBE2A /* Debug */,
				C689D8542EF42DDB003DBE2A /* Release */,
			);
			defaultConfigurationIsVisible = 0;
			defaultConfigurationName = Release;
		};
		C689D8552EF42DDB003DBE2A /* Build configuration list for PBXNativeTarget "StudySync" */ = {
			isa = XCConfigurationList;
			buildConfigurations = (
				C689D8562EF42DDB003DBE2A /* Debug */,
				C689D8572EF42DDB003DBE2A /* Release */,
			);
			defaultConfigurationIsVisible = 0;
			defaultConfigurationName = Release;
		};
		ED66EDD62F240FF4007C5146 /* Build configuration list for PBXNativeTarget "StudySyncW Watch App" */ = {
			isa = XCConfigurationList;
			buildConfigurations = (
				ED66EDD42F240FF4007C5146 /* Debug */,
				ED66EDD52F240FF4007C5146 /* Release */,
			);
			defaultConfigurationIsVisible = 0;
			defaultConfigurationName = Release;
		};
/* End XCConfigurationList section */
	};
	rootObject = C689D8402EF42DD9003DBE2A /* Project object */;
}
